// !$*UTF8*$!
{
	archiveVersion = 1;
	classes = {
	};
	objectVersion = 46;
	objects = {

/* Begin PBXBuildFile section */
		2B637D7E1CE3B7DE00546A12 /* Assets.xcassets in Resources */ = {isa = PBXBuildFile; fileRef = 2B637D7D1CE3B7DE00546A12 /* Assets.xcassets */; };
		2BC522F51D944B32003EA180 /* CoreBluetooth.framework in Frameworks */ = {isa = PBXBuildFile; fileRef = 2BC522F41D944B32003EA180 /* CoreBluetooth.framework */; };
		2BC922FC1CE3AAAC003622D0 /* AppDelegate.swift in Sources */ = {isa = PBXBuildFile; fileRef = 2BC922FB1CE3AAAC003622D0 /* AppDelegate.swift */; };
		2BC922FE1CE3AAAC003622D0 /* ViewController.swift in Sources */ = {isa = PBXBuildFile; fileRef = 2BC922FD1CE3AAAC003622D0 /* ViewController.swift */; };
		2BC923011CE3AAAC003622D0 /* Main.storyboard in Resources */ = {isa = PBXBuildFile; fileRef = 2BC922FF1CE3AAAC003622D0 /* Main.storyboard */; };
		2BC923101CE3B23F003622D0 /* libsqlite3.0.tbd in Frameworks */ = {isa = PBXBuildFile; fileRef = 2BC9230F1CE3B23F003622D0 /* libsqlite3.0.tbd */; };
		B55184031D07653500A6C175 /* ProximityKit.framework in Frameworks */ = {isa = PBXBuildFile; fileRef = B55184021D07653500A6C175 /* ProximityKit.framework */; };
/* End PBXBuildFile section */

/* Begin PBXFileReference section */
		2B637D7D1CE3B7DE00546A12 /* Assets.xcassets */ = {isa = PBXFileReference; lastKnownFileType = folder.assetcatalog; path = Assets.xcassets; sourceTree = "<group>"; };
		2BC522F41D944B32003EA180 /* CoreBluetooth.framework */ = {isa = PBXFileReference; lastKnownFileType = wrapper.framework; name = CoreBluetooth.framework; path = System/Library/Frameworks/CoreBluetooth.framework; sourceTree = SDKROOT; };
		2BC922F81CE3AAAC003622D0 /* ProximityKitReference.app */ = {isa = PBXFileReference; explicitFileType = wrapper.application; includeInIndex = 0; path = ProximityKitReference.app; sourceTree = BUILT_PRODUCTS_DIR; };
		2BC922FB1CE3AAAC003622D0 /* AppDelegate.swift */ = {isa = PBXFileReference; lastKnownFileType = sourcecode.swift; path = AppDelegate.swift; sourceTree = "<group>"; };
		2BC922FD1CE3AAAC003622D0 /* ViewController.swift */ = {isa = PBXFileReference; lastKnownFileType = sourcecode.swift; path = ViewController.swift; sourceTree = "<group>"; };
		2BC923001CE3AAAC003622D0 /* Base */ = {isa = PBXFileReference; lastKnownFileType = file.storyboard; name = Base; path = Base.lproj/Main.storyboard; sourceTree = "<group>"; };
		2BC923071CE3AAAC003622D0 /* Info.plist */ = {isa = PBXFileReference; lastKnownFileType = text.plist.xml; path = Info.plist; sourceTree = "<group>"; };
		2BC9230F1CE3B23F003622D0 /* libsqlite3.0.tbd */ = {isa = PBXFileReference; lastKnownFileType = "sourcecode.text-based-dylib-definition"; name = libsqlite3.0.tbd; path = usr/lib/libsqlite3.0.tbd; sourceTree = SDKROOT; };
		B55184021D07653500A6C175 /* ProximityKit.framework */ = {isa = PBXFileReference; lastKnownFileType = wrapper.framework; name = ProximityKit.framework; path = "../gamera-ios/build/Debug-iphoneos/ProximityKit.framework"; sourceTree = "<group>"; };
/* End PBXFileReference section */

/* Begin PBXFrameworksBuildPhase section */
		2BC922F51CE3AAAC003622D0 /* Frameworks */ = {
			isa = PBXFrameworksBuildPhase;
			buildActionMask = 2147483647;
			files = (
				2BC522F51D944B32003EA180 /* CoreBluetooth.framework in Frameworks */,
				B55184031D07653500A6C175 /* ProximityKit.framework in Frameworks */,
				2BC923101CE3B23F003622D0 /* libsqlite3.0.tbd in Frameworks */,
			);
			runOnlyForDeploymentPostprocessing = 0;
		};
/* End PBXFrameworksBuildPhase section */

/* Begin PBXGroup section */
		2BC522F31D944B32003EA180 /* Frameworks */ = {
			isa = PBXGroup;
			children = (
				2BC522F41D944B32003EA180 /* CoreBluetooth.framework */,
			);
			name = Frameworks;
			sourceTree = "<group>";
		};
		2BC922EF1CE3AAAC003622D0 = {
			isa = PBXGroup;
			children = (
				B55184021D07653500A6C175 /* ProximityKit.framework */,
				2BC922FA1CE3AAAC003622D0 /* ProximityKitReference */,
				2BC922F91CE3AAAC003622D0 /* Products */,
				2BC522F31D944B32003EA180 /* Frameworks */,
			);
			sourceTree = "<group>";
		};
		2BC922F91CE3AAAC003622D0 /* Products */ = {
			isa = PBXGroup;
			children = (
				2BC922F81CE3AAAC003622D0 /* ProximityKitReference.app */,
			);
			name = Products;
			sourceTree = "<group>";
		};
		2BC922FA1CE3AAAC003622D0 /* ProximityKitReference */ = {
			isa = PBXGroup;
			children = (
				2B637D7D1CE3B7DE00546A12 /* Assets.xcassets */,
				2BC923111CE3B28F003622D0 /* Frameworks */,
				2BC922FB1CE3AAAC003622D0 /* AppDelegate.swift */,
				2BC922FD1CE3AAAC003622D0 /* ViewController.swift */,
				2BC922FF1CE3AAAC003622D0 /* Main.storyboard */,
				2BC923071CE3AAAC003622D0 /* Info.plist */,
			);
			path = ProximityKitReference;
			sourceTree = "<group>";
		};
		2BC923111CE3B28F003622D0 /* Frameworks */ = {
			isa = PBXGroup;
			children = (
				2BC9230F1CE3B23F003622D0 /* libsqlite3.0.tbd */,
			);
			name = Frameworks;
			sourceTree = "<group>";
		};
/* End PBXGroup section */

/* Begin PBXNativeTarget section */
		2BC922F71CE3AAAC003622D0 /* ProximityKitReference */ = {
			isa = PBXNativeTarget;
			buildConfigurationList = 2BC9230A1CE3AAAC003622D0 /* Build configuration list for PBXNativeTarget "ProximityKitReference" */;
			buildPhases = (
				B5A889C51D078DF9000BD380 /* Download ProximityKit.framework */,
				2BC922F41CE3AAAC003622D0 /* Sources */,
				2BC922F51CE3AAAC003622D0 /* Frameworks */,
				2BC922F61CE3AAAC003622D0 /* Resources */,
			);
			buildRules = (
			);
			dependencies = (
			);
			name = ProximityKitReference;
			productName = ProximityKitReference;
			productReference = 2BC922F81CE3AAAC003622D0 /* ProximityKitReference.app */;
			productType = "com.apple.product-type.application";
		};
/* End PBXNativeTarget section */

/* Begin PBXProject section */
		2BC922F01CE3AAAC003622D0 /* Project object */ = {
			isa = PBXProject;
			attributes = {
				LastSwiftUpdateCheck = 0730;
				LastUpgradeCheck = 0800;
				ORGANIZATIONNAME = "Radius Networks";
				TargetAttributes = {
					2BC922F71CE3AAAC003622D0 = {
						CreatedOnToolsVersion = 7.3.1;
						DevelopmentTeam = 2Z2S6NCD7P;
						LastSwiftMigration = 0800;
					};
				};
			};
			buildConfigurationList = 2BC922F31CE3AAAC003622D0 /* Build configuration list for PBXProject "ProximityKitReference" */;
			compatibilityVersion = "Xcode 3.2";
			developmentRegion = English;
			hasScannedForEncodings = 0;
			knownRegions = (
				en,
				Base,
			);
			mainGroup = 2BC922EF1CE3AAAC003622D0;
			productRefGroup = 2BC922F91CE3AAAC003622D0 /* Products */;
			projectDirPath = "";
			projectRoot = "";
			targets = (
				2BC922F71CE3AAAC003622D0 /* ProximityKitReference */,
			);
		};
/* End PBXProject section */

/* Begin PBXResourcesBuildPhase section */
		2BC922F61CE3AAAC003622D0 /* Resources */ = {
			isa = PBXResourcesBuildPhase;
			buildActionMask = 2147483647;
			files = (
				2B637D7E1CE3B7DE00546A12 /* Assets.xcassets in Resources */,
				2BC923011CE3AAAC003622D0 /* Main.storyboard in Resources */,
			);
			runOnlyForDeploymentPostprocessing = 0;
		};
/* End PBXResourcesBuildPhase section */

/* Begin PBXShellScriptBuildPhase section */
		B5A889C51D078DF9000BD380 /* Download ProximityKit.framework */ = {
			isa = PBXShellScriptBuildPhase;
			buildActionMask = 2147483647;
			files = (
			);
			inputPaths = (
			);
			name = "Download ProximityKit.framework";
			outputPaths = (
			);
			runOnlyForDeploymentPostprocessing = 0;
			shellPath = /bin/bash;
			shellScript = "[ -d \"$TARGET_BUILD_DIR/ProximityKit.framework\" ] && exit\n\n echo \"ProximityKit.framework not found, downloading from GitHub\"\n tmpfile=\"$TEMP_FILES_DIR/ProximityKit.zip\"\n curl -L -o $tmpfile $(curl -s \"https://api.github.com/repos/RadiusNetworks/proximitykit-ios/releases/latest\" | grep browser_download_url | head -n 1 | cut -d '\"' -f 4)\n unzip -d $TARGET_BUILD_DIR $tmpfile\n rm $tmpfile\n \n";
		};
/* End PBXShellScriptBuildPhase section */

/* Begin PBXSourcesBuildPhase section */
		2BC922F41CE3AAAC003622D0 /* Sources */ = {
			isa = PBXSourcesBuildPhase;
			buildActionMask = 2147483647;
			files = (
				2BC922FE1CE3AAAC003622D0 /* ViewController.swift in Sources */,
				2BC922FC1CE3AAAC003622D0 /* AppDelegate.swift in Sources */,
			);
			runOnlyForDeploymentPostprocessing = 0;
		};
/* End PBXSourcesBuildPhase section */

/* Begin PBXVariantGroup section */
		2BC922FF1CE3AAAC003622D0 /* Main.storyboard */ = {
			isa = PBXVariantGroup;
			children = (
				2BC923001CE3AAAC003622D0 /* Base */,
			);
			name = Main.storyboard;
			sourceTree = "<group>";
		};
/* End PBXVariantGroup section */

/* Begin XCBuildConfiguration section */
		2BC923081CE3AAAC003622D0 /* Debug */ = {
			isa = XCBuildConfiguration;
			buildSettings = {
				ALWAYS_SEARCH_USER_PATHS = NO;
				CLANG_ANALYZER_NONNULL = YES;
				CLANG_CXX_LANGUAGE_STANDARD = "gnu++0x";
				CLANG_CXX_LIBRARY = "libc++";
				CLANG_ENABLE_MODULES = YES;
				CLANG_ENABLE_OBJC_ARC = YES;
				CLANG_WARN_BOOL_CONVERSION = YES;
				CLANG_WARN_CONSTANT_CONVERSION = YES;
				CLANG_WARN_DIRECT_OBJC_ISA_USAGE = YES_ERROR;
				CLANG_WARN_EMPTY_BODY = YES;
				CLANG_WARN_ENUM_CONVERSION = YES;
				CLANG_WARN_INFINITE_RECURSION = YES;
				CLANG_WARN_INT_CONVERSION = YES;
				CLANG_WARN_OBJC_ROOT_CLASS = YES_ERROR;
				CLANG_WARN_SUSPICIOUS_MOVE = YES;
				CLANG_WARN_UNREACHABLE_CODE = YES;
				CLANG_WARN__DUPLICATE_METHOD_MATCH = YES;
				"CODE_SIGN_IDENTITY[sdk=iphoneos*]" = "iPhone Developer";
				COPY_PHASE_STRIP = NO;
				DEBUG_INFORMATION_FORMAT = dwarf;
				ENABLE_BITCODE = NO;
				ENABLE_STRICT_OBJC_MSGSEND = YES;
				ENABLE_TESTABILITY = YES;
				GCC_C_LANGUAGE_STANDARD = gnu99;
				GCC_DYNAMIC_NO_PIC = NO;
				GCC_NO_COMMON_BLOCKS = YES;
				GCC_OPTIMIZATION_LEVEL = 0;
				GCC_PREPROCESSOR_DEFINITIONS = (
					"DEBUG=1",
					"$(inherited)",
				);
				GCC_WARN_64_TO_32_BIT_CONVERSION = YES;
				GCC_WARN_ABOUT_RETURN_TYPE = YES_ERROR;
				GCC_WARN_UNDECLARED_SELECTOR = YES;
				GCC_WARN_UNINITIALIZED_AUTOS = YES_AGGRESSIVE;
				GCC_WARN_UNUSED_FUNCTION = YES;
				GCC_WARN_UNUSED_VARIABLE = YES;
				IPHONEOS_DEPLOYMENT_TARGET = 9.3;
				MTL_ENABLE_DEBUG_INFO = YES;
				ONLY_ACTIVE_ARCH = YES;
				SDKROOT = iphoneos;
				SWIFT_OPTIMIZATION_LEVEL = "-Onone";
			};
			name = Debug;
		};
		2BC923091CE3AAAC003622D0 /* Release */ = {
			isa = XCBuildConfiguration;
			buildSettings = {
				ALWAYS_SEARCH_USER_PATHS = NO;
				CLANG_ANALYZER_NONNULL = YES;
				CLANG_CXX_LANGUAGE_STANDARD = "gnu++0x";
				CLANG_CXX_LIBRARY = "libc++";
				CLANG_ENABLE_MODULES = YES;
				CLANG_ENABLE_OBJC_ARC = YES;
				CLANG_WARN_BOOL_CONVERSION = YES;
				CLANG_WARN_CONSTANT_CONVERSION = YES;
				CLANG_WARN_DIRECT_OBJC_ISA_USAGE = YES_ERROR;
				CLANG_WARN_EMPTY_BODY = YES;
				CLANG_WARN_ENUM_CONVERSION = YES;
				CLANG_WARN_INFINITE_RECURSION = YES;
				CLANG_WARN_INT_CONVERSION = YES;
				CLANG_WARN_OBJC_ROOT_CLASS = YES_ERROR;
				CLANG_WARN_SUSPICIOUS_MOVE = YES;
				CLANG_WARN_UNREACHABLE_CODE = YES;
				CLANG_WARN__DUPLICATE_METHOD_MATCH = YES;
				"CODE_SIGN_IDENTITY[sdk=iphoneos*]" = "iPhone Developer";
				COPY_PHASE_STRIP = NO;
				DEBUG_INFORMATION_FORMAT = "dwarf-with-dsym";
				ENABLE_BITCODE = NO;
				ENABLE_NS_ASSERTIONS = NO;
				ENABLE_STRICT_OBJC_MSGSEND = YES;
				GCC_C_LANGUAGE_STANDARD = gnu99;
				GCC_NO_COMMON_BLOCKS = YES;
				GCC_WARN_64_TO_32_BIT_CONVERSION = YES;
				GCC_WARN_ABOUT_RETURN_TYPE = YES_ERROR;
				GCC_WARN_UNDECLARED_SELECTOR = YES;
				GCC_WARN_UNINITIALIZED_AUTOS = YES_AGGRESSIVE;
				GCC_WARN_UNUSED_FUNCTION = YES;
				GCC_WARN_UNUSED_VARIABLE = YES;
				IPHONEOS_DEPLOYMENT_TARGET = 9.3;
				MTL_ENABLE_DEBUG_INFO = NO;
				SDKROOT = iphoneos;
				SWIFT_OPTIMIZATION_LEVEL = "-Owholemodule";
				VALIDATE_PRODUCT = YES;
			};
			name = Release;
		};
		2BC9230B1CE3AAAC003622D0 /* Debug */ = {
			isa = XCBuildConfiguration;
			buildSettings = {
				ASSETCATALOG_COMPILER_APPICON_NAME = AppIcon;
				DEVELOPMENT_TEAM = 2Z2S6NCD7P;
				FRAMEWORK_SEARCH_PATHS = (
					"$(inherited)",
					"$(PROJECT_DIR)/ProximityKitReference",
				);
				INFOPLIST_FILE = ProximityKitReference/Info.plist;
				LD_RUNPATH_SEARCH_PATHS = "$(inherited) @executable_path/Frameworks";
				PRODUCT_BUNDLE_IDENTIFIER = com.radiusnetworks.ProximityKitReference;
				PRODUCT_NAME = ProximityKitReference;
				SWIFT_VERSION = 3.0;
			};
			name = Debug;
		};
		2BC9230C1CE3AAAC003622D0 /* Release */ = {
			isa = XCBuildConfiguration;
			buildSettings = {
				ASSETCATALOG_COMPILER_APPICON_NAME = AppIcon;
				DEVELOPMENT_TEAM = 2Z2S6NCD7P;
				FRAMEWORK_SEARCH_PATHS = (
					"$(inherited)",
					"$(PROJECT_DIR)/ProximityKitReference",
				);
				INFOPLIST_FILE = ProximityKitReference/Info.plist;
				LD_RUNPATH_SEARCH_PATHS = "$(inherited) @executable_path/Frameworks";
				PRODUCT_BUNDLE_IDENTIFIER = com.radiusnetworks.ProximityKitReference;
				PRODUCT_NAME = ProximityKitReference;
				SWIFT_VERSION = 3.0;
			};
			name = Release;
		};
/* End XCBuildConfiguration section */

/* Begin XCConfigurationList section */
		2BC922F31CE3AAAC003622D0 /* Build configuration list for PBXProject "ProximityKitReference" */ = {
			isa = XCConfigurationList;
			buildConfigurations = (
				2BC923081CE3AAAC003622D0 /* Debug */,
				2BC923091CE3AAAC003622D0 /* Release */,
			);
			defaultConfigurationIsVisible = 0;
			defaultConfigurationName = Release;
		};
		2BC9230A1CE3AAAC003622D0 /* Build configuration list for PBXNativeTarget "ProximityKitReference" */ = {
			isa = XCConfigurationList;
			buildConfigurations = (
				2BC9230B1CE3AAAC003622D0 /* Debug */,
				2BC9230C1CE3AAAC003622D0 /* Release */,
			);
			defaultConfigurationIsVisible = 0;
			defaultConfigurationName = Release;
		};
/* End XCConfigurationList section */
	};
	rootObject = 2BC922F01CE3AAAC003622D0 /* Project object */;
}
